<?xml version="1.0" encoding="Windows-1252"?>
<Project ToolsVersion="12.0" xmlns="http://schemas.microsoft.com/developer/msbuild/2003">
  <ItemGroup>
    <ClCompile Include="C:\Users\Masaaki\Documents\GitHub\sprout\fast_location_3.cpp">
      <Filter>Source Files</Filter>
    </ClCompile>
    <ClCompile Include="face.cpp">
      <Filter>Source Files</Filter>
    </ClCompile>
    <ClCompile Include="GeometryProcessing.cpp">
      <Filter>Source Files</Filter>
    </ClCompile>
    <ClCompile Include="halfedge.cpp">
      <Filter>Source Files</Filter>
    </ClCompile>
    <ClCompile Include="vertex.cpp">
      <Filter>Source Files</Filter>
    </ClCompile>
  </ItemGroup>
  <ItemGroup>
    <CustomBuild Include="C:\Users\Masaaki\Documents\GitHub\sprout\CMakeLists.txt" />
  </ItemGroup>
  <ItemGroup>
    <Filter Include="Source Files">
      <UniqueIdentifier>{AA74534F-169B-4AF6-B02E-DA31A878CBD6}</UniqueIdentifier>
    </Filter>
  </ItemGroup>
  <ItemGroup>
    <ClInclude Include="face.h">
      <Filter>Source Files</Filter>
    </ClInclude>
    <ClInclude Include="GeometryProcessing.h">
      <Filter>Source Files</Filter>
    </ClInclude>
    <ClInclude Include="halfedge.h">
      <Filter>Source Files</Filter>
    </ClInclude>
    <ClInclude Include="vertex.h">
      <Filter>Source Files</Filter>
    </ClInclude>
  </ItemGroup>
</Project>