<?xml version="1.0" encoding="Windows-1252"?>
<Project ToolsVersion="12.0" xmlns="http://schemas.microsoft.com/developer/msbuild/2003">
  <ItemGroup>
    <CustomBuild Include="C:\Users\Masaaki\Documents\GitHub\sprout\CMakeFiles\31ca8c10465dd68e7c3e9076945baffe\generate.stamp.rule">
      <Filter>CMake Rules</Filter>
    </CustomBuild>
  </ItemGroup>
  <ItemGroup>
    <Filter Include="CMake Rules">
      <UniqueIdentifier>{42F1A19D-C3B1-42D0-A6CD-EEBFC2F7F25F}</UniqueIdentifier>
    </Filter>
  </ItemGroup>
</Project>
